PODS:
  - OntraceSDK (0.0.15)

DEPENDENCIES:
  - OntraceSDK (from `../OntraceSDK.podspec`)

EXTERNAL SOURCES:
  OntraceSDK:
    :path: "../OntraceSDK.podspec"

SPEC CHECKSUMS:
  OntraceSDK: 19ead60fa56a36278a97f6d5deb152ac38f9e55e

PODFILE CHECKSUM: e4862497285e2dfa6cdc3b5fe2550255eea179a7

COCOAPODS: 1.16.2
